
Microsoft Visual Studio Solution File, Format Version 12.00
# Visual Studio Version 16
VisualStudioVersion = 16.0.30907.101
MinimumVisualStudioVersion = 10.0.40219.1
Project("{FAE04EC0-301F-11D3-BF4B-00C04F79EFBC}") = "Commitments", "Commitments\Commitments.csproj", "{45E27E90-18CC-4908-8BB7-D51B5EEEE471}"
EndProject
Global
	GlobalSection(SolutionConfigurationPlatforms) = preSolution
		Debug|Any CPU = Debug|Any CPU
		Release|Any CPU = Release|Any CPU
	EndGlobalSection
	GlobalSection(ProjectConfigurationPlatforms) = postSolution
		{45E27E90-18CC-4908-8BB7-D51B5EEEE471}.Debug|Any CPU.ActiveCfg = Debug|Any CPU
		{45E27E90-18CC-4908-8BB7-D51B5EEEE471}.Debug|Any CPU.Build.0 = Debug|Any CPU
		{45E27E90-18CC-4908-8BB7-D51B5EEEE471}.Release|Any CPU.ActiveCfg = Release|Any CPU
		{45E27E90-18CC-4908-8BB7-D51B5EEEE471}.Release|Any CPU.Build.0 = Release|Any CPU
	EndGlobalSection
	GlobalSection(SolutionProperties) = preSolution
		HideSolutionNode = FALSE
	EndGlobalSection
	GlobalSection(ExtensibilityGlobals) = postSolution
		SolutionGuid = {CD178961-228E-4979-B282-A14AD56F0786}
	EndGlobalSection
EndGlobal
